// !$*UTF8*$!
{
	archiveVersion = 1;
	classes = {
	};
	objectVersion = 50;
	objects = {

/* Begin PBXBuildFile section */
		1968228A25124A8A0021C4CE /* AppDelegate.swift in Sources */ = {isa = PBXBuildFile; fileRef = 1968228925124A8A0021C4CE /* AppDelegate.swift */; };
		1968228C25124A8A0021C4CE /* SceneDelegate.swift in Sources */ = {isa = PBXBuildFile; fileRef = 1968228B25124A8A0021C4CE /* SceneDelegate.swift */; };
		1968228E25124A8A0021C4CE /* ViewController.swift in Sources */ = {isa = PBXBuildFile; fileRef = 1968228D25124A8A0021C4CE /* ViewController.swift */; };
		1968229125124A8A0021C4CE /* Main.storyboard in Resources */ = {isa = PBXBuildFile; fileRef = 1968228F25124A8A0021C4CE /* Main.storyboard */; };
		1968229325124A8C0021C4CE /* Assets.xcassets in Resources */ = {isa = PBXBuildFile; fileRef = 1968229225124A8C0021C4CE /* Assets.xcassets */; };
		1968229625124A8C0021C4CE /* LaunchScreen.storyboard in Resources */ = {isa = PBXBuildFile; fileRef = 1968229425124A8C0021C4CE /* LaunchScreen.storyboard */; };
		1968229E25124AFD0021C4CE /* Item.swift in Sources */ = {isa = PBXBuildFile; fileRef = 1968229D25124AFD0021C4CE /* Item.swift */; };
		D02A9F80251ED8AB00EA66CA /* funcProduto.swift in Sources */ = {isa = PBXBuildFile; fileRef = D02A9F7F251ED8AB00EA66CA /* funcProduto.swift */; };
		D02A9F83251EDB1100EA66CA /* UITableViewDataSourceExtension.swift in Sources */ = {isa = PBXBuildFile; fileRef = D02A9F82251EDB1100EA66CA /* UITableViewDataSourceExtension.swift */; };
		D02A9F86251EDB9A00EA66CA /* UITableViewDelegateExtension.swift in Sources */ = {isa = PBXBuildFile; fileRef = D02A9F85251EDB9A00EA66CA /* UITableViewDelegateExtension.swift */; };
		D06C922A2514C2B700333443 /* UITextFieldExtension.swift in Sources */ = {isa = PBXBuildFile; fileRef = D06C92292514C2B700333443 /* UITextFieldExtension.swift */; };
/* End PBXBuildFile section */

/* Begin PBXFileReference section */
		1968228625124A8A0021C4CE /* appListaCompras.app */ = {isa = PBXFileReference; explicitFileType = wrapper.application; includeInIndex = 0; path = appListaCompras.app; sourceTree = BUILT_PRODUCTS_DIR; };
		1968228925124A8A0021C4CE /* AppDelegate.swift */ = {isa = PBXFileReference; lastKnownFileType = sourcecode.swift; path = AppDelegate.swift; sourceTree = "<group>"; };
		1968228B25124A8A0021C4CE /* SceneDelegate.swift */ = {isa = PBXFileReference; lastKnownFileType = sourcecode.swift; path = SceneDelegate.swift; sourceTree = "<group>"; };
		1968228D25124A8A0021C4CE /* ViewController.swift */ = {isa = PBXFileReference; lastKnownFileType = sourcecode.swift; lineEnding = 0; path = ViewController.swift; sourceTree = "<group>"; usesTabs = 0; };
		1968229025124A8A0021C4CE /* Base */ = {isa = PBXFileReference; lastKnownFileType = file.storyboard; name = Base; path = Base.lproj/Main.storyboard; sourceTree = "<group>"; };
		1968229225124A8C0021C4CE /* Assets.xcassets */ = {isa = PBXFileReference; lastKnownFileType = folder.assetcatalog; path = Assets.xcassets; sourceTree = "<group>"; };
		1968229525124A8C0021C4CE /* Base */ = {isa = PBXFileReference; lastKnownFileType = file.storyboard; name = Base; path = Base.lproj/LaunchScreen.storyboard; sourceTree = "<group>"; };
		1968229725124A8C0021C4CE /* Info.plist */ = {isa = PBXFileReference; lastKnownFileType = text.plist.xml; path = Info.plist; sourceTree = "<group>"; };
		1968229D25124AFD0021C4CE /* Item.swift */ = {isa = PBXFileReference; lastKnownFileType = sourcecode.swift; path = Item.swift; sourceTree = "<group>"; };
		D02A9F7F251ED8AB00EA66CA /* funcProduto.swift */ = {isa = PBXFileReference; lastKnownFileType = sourcecode.swift; path = funcProduto.swift; sourceTree = "<group>"; };
		D02A9F82251EDB1100EA66CA /* UITableViewDataSourceExtension.swift */ = {isa = PBXFileReference; lastKnownFileType = sourcecode.swift; path = UITableViewDataSourceExtension.swift; sourceTree = "<group>"; };
		D02A9F85251EDB9A00EA66CA /* UITableViewDelegateExtension.swift */ = {isa = PBXFileReference; lastKnownFileType = sourcecode.swift; path = UITableViewDelegateExtension.swift; sourceTree = "<group>"; };
		D06C92292514C2B700333443 /* UITextFieldExtension.swift */ = {isa = PBXFileReference; lastKnownFileType = sourcecode.swift; path = UITextFieldExtension.swift; sourceTree = "<group>"; };
/* End PBXFileReference section */

/* Begin PBXFrameworksBuildPhase section */
		1968228325124A890021C4CE /* Frameworks */ = {
			isa = PBXFrameworksBuildPhase;
			buildActionMask = 2147483647;
			files = (
			);
			runOnlyForDeploymentPostprocessing = 0;
		};
/* End PBXFrameworksBuildPhase section */

/* Begin PBXGroup section */
		1968227D25124A890021C4CE = {
			isa = PBXGroup;
			children = (
				1968228825124A8A0021C4CE /* appListaCompras */,
				1968228725124A8A0021C4CE /* Products */,
			);
			sourceTree = "<group>";
		};
		1968228725124A8A0021C4CE /* Products */ = {
			isa = PBXGroup;
			children = (
				1968228625124A8A0021C4CE /* appListaCompras.app */,
			);
			name = Products;
			sourceTree = "<group>";
		};
		1968228825124A8A0021C4CE /* appListaCompras */ = {
			isa = PBXGroup;
			children = (
				1968228925124A8A0021C4CE /* AppDelegate.swift */,
				1968228B25124A8A0021C4CE /* SceneDelegate.swift */,
				1968228D25124A8A0021C4CE /* ViewController.swift */,
				D02A9F88251EDBC800EA66CA /* Extensions */,
				1968229D25124AFD0021C4CE /* Item.swift */,
				1968228F25124A8A0021C4CE /* Main.storyboard */,
				1968229225124A8C0021C4CE /* Assets.xcassets */,
				1968229425124A8C0021C4CE /* LaunchScreen.storyboard */,
				1968229725124A8C0021C4CE /* Info.plist */,
				D02A9F7F251ED8AB00EA66CA /* funcProduto.swift */,
			);
			path = appListaCompras;
			sourceTree = "<group>";
		};
		D02A9F88251EDBC800EA66CA /* Extensions */ = {
			isa = PBXGroup;
			children = (
				D06C92292514C2B700333443 /* UITextFieldExtension.swift */,
				D02A9F82251EDB1100EA66CA /* UITableViewDataSourceExtension.swift */,
				D02A9F85251EDB9A00EA66CA /* UITableViewDelegateExtension.swift */,
			);
			path = Extensions;
			sourceTree = "<group>";
		};
/* End PBXGroup section */

/* Begin PBXNativeTarget section */
		1968228525124A890021C4CE /* appListaCompras */ = {
			isa = PBXNativeTarget;
			buildConfigurationList = 1968229A25124A8C0021C4CE /* Build configuration list for PBXNativeTarget "appListaCompras" */;
			buildPhases = (
				1968228225124A890021C4CE /* Sources */,
				1968228325124A890021C4CE /* Frameworks */,
				1968228425124A890021C4CE /* Resources */,
			);
			buildRules = (
			);
			dependencies = (
			);
			name = appListaCompras;
			productName = appListaCompras;
			productReference = 1968228625124A8A0021C4CE /* appListaCompras.app */;
			productType = "com.apple.product-type.application";
		};
/* End PBXNativeTarget section */

/* Begin PBXProject section */
		1968227E25124A890021C4CE /* Project object */ = {
			isa = PBXProject;
			attributes = {
				LastSwiftUpdateCheck = 1170;
				LastUpgradeCheck = 1170;
				ORGANIZATIONNAME = "Mizia Lima";
				TargetAttributes = {
					1968228525124A890021C4CE = {
						CreatedOnToolsVersion = 11.7;
					};
				};
			};
			buildConfigurationList = 1968228125124A890021C4CE /* Build configuration list for PBXProject "appListaCompras" */;
			compatibilityVersion = "Xcode 9.3";
			developmentRegion = en;
			hasScannedForEncodings = 0;
			knownRegions = (
				en,
				Base,
			);
			mainGroup = 1968227D25124A890021C4CE;
			productRefGroup = 1968228725124A8A0021C4CE /* Products */;
			projectDirPath = "";
			projectRoot = "";
			targets = (
				1968228525124A890021C4CE /* appListaCompras */,
			);
		};
/* End PBXProject section */

/* Begin PBXResourcesBuildPhase section */
		1968228425124A890021C4CE /* Resources */ = {
			isa = PBXResourcesBuildPhase;
			buildActionMask = 2147483647;
			files = (
				1968229625124A8C0021C4CE /* LaunchScreen.storyboard in Resources */,
				1968229325124A8C0021C4CE /* Assets.xcassets in Resources */,
				1968229125124A8A0021C4CE /* Main.storyboard in Resources */,
			);
			runOnlyForDeploymentPostprocessing = 0;
		};
/* End PBXResourcesBuildPhase section */

/* Begin PBXSourcesBuildPhase section */
		1968228225124A890021C4CE /* Sources */ = {
			isa = PBXSourcesBuildPhase;
			buildActionMask = 2147483647;
			files = (
				D06C922A2514C2B700333443 /* UITextFieldExtension.swift in Sources */,
				1968229E25124AFD0021C4CE /* Item.swift in Sources */,
				1968228E25124A8A0021C4CE /* ViewController.swift in Sources */,
				1968228A25124A8A0021C4CE /* AppDelegate.swift in Sources */,
				1968228C25124A8A0021C4CE /* SceneDelegate.swift in Sources */,
				D02A9F80251ED8AB00EA66CA /* funcProduto.swift in Sources */,
				D02A9F86251EDB9A00EA66CA /* UITableViewDelegateExtension.swift in Sources */,
				D02A9F83251EDB1100EA66CA /* UITableViewDataSourceExtension.swift in Sources */,
			);
			runOnlyForDeploymentPostprocessing = 0;
		};
/* End PBXSourcesBuildPhase section */

/* Begin PBXVariantGroup section */
		1968228F25124A8A0021C4CE /* Main.storyboard */ = {
			isa = PBXVariantGroup;
			children = (
				1968229025124A8A0021C4CE /* Base */,
			);
			name = Main.storyboard;
			sourceTree = "<group>";
		};
		1968229425124A8C0021C4CE /* LaunchScreen.storyboard */ = {
			isa = PBXVariantGroup;
			children = (
				1968229525124A8C0021C4CE /* Base */,
			);
			name = LaunchScreen.storyboard;
			sourceTree = "<group>";
		};
/* End PBXVariantGroup section */

/* Begin XCBuildConfiguration section */
		1968229825124A8C0021C4CE /* Debug */ = {
			isa = XCBuildConfiguration;
			buildSettings = {
				ALWAYS_SEARCH_USER_PATHS = NO;
				CLANG_ANALYZER_NONNULL = YES;
				CLANG_ANALYZER_NUMBER_OBJECT_CONVERSION = YES_AGGRESSIVE;
				CLANG_CXX_LANGUAGE_STANDARD = "gnu++14";
				CLANG_CXX_LIBRARY = "libc++";
				CLANG_ENABLE_MODULES = YES;
				CLANG_ENABLE_OBJC_ARC = YES;
				CLANG_ENABLE_OBJC_WEAK = YES;
				CLANG_WARN_BLOCK_CAPTURE_AUTORELEASING = YES;
				CLANG_WARN_BOOL_CONVERSION = YES;
				CLANG_WARN_COMMA = YES;
				CLANG_WARN_CONSTANT_CONVERSION = YES;
				CLANG_WARN_DEPRECATED_OBJC_IMPLEMENTATIONS = YES;
				CLANG_WARN_DIRECT_OBJC_ISA_USAGE = YES_ERROR;
				CLANG_WARN_DOCUMENTATION_COMMENTS = YES;
				CLANG_WARN_EMPTY_BODY = YES;
				CLANG_WARN_ENUM_CONVERSION = YES;
				CLANG_WARN_INFINITE_RECURSION = YES;
				CLANG_WARN_INT_CONVERSION = YES;
				CLANG_WARN_NON_LITERAL_NULL_CONVERSION = YES;
				CLANG_WARN_OBJC_IMPLICIT_RETAIN_SELF = YES;
				CLANG_WARN_OBJC_LITERAL_CONVERSION = YES;
				CLANG_WARN_OBJC_ROOT_CLASS = YES_ERROR;
				CLANG_WARN_RANGE_LOOP_ANALYSIS = YES;
				CLANG_WARN_STRICT_PROTOTYPES = YES;
				CLANG_WARN_SUSPICIOUS_MOVE = YES;
				CLANG_WARN_UNGUARDED_AVAILABILITY = YES_AGGRESSIVE;
				CLANG_WARN_UNREACHABLE_CODE = YES;
				CLANG_WARN__DUPLICATE_METHOD_MATCH = YES;
				COPY_PHASE_STRIP = NO;
				DEBUG_INFORMATION_FORMAT = dwarf;
				ENABLE_STRICT_OBJC_MSGSEND = YES;
				ENABLE_TESTABILITY = YES;
				GCC_C_LANGUAGE_STANDARD = gnu11;
				GCC_DYNAMIC_NO_PIC = NO;
				GCC_NO_COMMON_BLOCKS = YES;
				GCC_OPTIMIZATION_LEVEL = 0;
				GCC_PREPROCESSOR_DEFINITIONS = (
					"DEBUG=1",
					"$(inherited)",
				);
				GCC_WARN_64_TO_32_BIT_CONVERSION = YES;
				GCC_WARN_ABOUT_RETURN_TYPE = YES_ERROR;
				GCC_WARN_UNDECLARED_SELECTOR = YES;
				GCC_WARN_UNINITIALIZED_AUTOS = YES_AGGRESSIVE;
				GCC_WARN_UNUSED_FUNCTION = YES;
				GCC_WARN_UNUSED_VARIABLE = YES;
				IPHONEOS_DEPLOYMENT_TARGET = 13.7;
				MTL_ENABLE_DEBUG_INFO = INCLUDE_SOURCE;
				MTL_FAST_MATH = YES;
				ONLY_ACTIVE_ARCH = YES;
				SDKROOT = iphoneos;
				SWIFT_ACTIVE_COMPILATION_CONDITIONS = DEBUG;
				SWIFT_OPTIMIZATION_LEVEL = "-Onone";
			};
			name = Debug;
		};
		1968229925124A8C0021C4CE /* Release */ = {
			isa = XCBuildConfiguration;
			buildSettings = {
				ALWAYS_SEARCH_USER_PATHS = NO;
				CLANG_ANALYZER_NONNULL = YES;
				CLANG_ANALYZER_NUMBER_OBJECT_CONVERSION = YES_AGGRESSIVE;
				CLANG_CXX_LANGUAGE_STANDARD = "gnu++14";
				CLANG_CXX_LIBRARY = "libc++";
				CLANG_ENABLE_MODULES = YES;
				CLANG_ENABLE_OBJC_ARC = YES;
				CLANG_ENABLE_OBJC_WEAK = YES;
				CLANG_WARN_BLOCK_CAPTURE_AUTORELEASING = YES;
				CLANG_WARN_BOOL_CONVERSION = YES;
				CLANG_WARN_COMMA = YES;
				CLANG_WARN_CONSTANT_CONVERSION = YES;
				CLANG_WARN_DEPRECATED_OBJC_IMPLEMENTATIONS = YES;
				CLANG_WARN_DIRECT_OBJC_ISA_USAGE = YES_ERROR;
				CLANG_WARN_DOCUMENTATION_COMMENTS = YES;
				CLANG_WARN_EMPTY_BODY = YES;
				CLANG_WARN_ENUM_CONVERSION = YES;
				CLANG_WARN_INFINITE_RECURSION = YES;
				CLANG_WARN_INT_CONVERSION = YES;
				CLANG_WARN_NON_LITERAL_NULL_CONVERSION = YES;
				CLANG_WARN_OBJC_IMPLICIT_RETAIN_SELF = YES;
				CLANG_WARN_OBJC_LITERAL_CONVERSION = YES;
				CLANG_WARN_OBJC_ROOT_CLASS = YES_ERROR;
				CLANG_WARN_RANGE_LOOP_ANALYSIS = YES;
				CLANG_WARN_STRICT_PROTOTYPES = YES;
				CLANG_WARN_SUSPICIOUS_MOVE = YES;
				CLANG_WARN_UNGUARDED_AVAILABILITY = YES_AGGRESSIVE;
				CLANG_WARN_UNREACHABLE_CODE = YES;
				CLANG_WARN__DUPLICATE_METHOD_MATCH = YES;
				COPY_PHASE_STRIP = NO;
				DEBUG_INFORMATION_FORMAT = "dwarf-with-dsym";
				ENABLE_NS_ASSERTIONS = NO;
				ENABLE_STRICT_OBJC_MSGSEND = YES;
				GCC_C_LANGUAGE_STANDARD = gnu11;
				GCC_NO_COMMON_BLOCKS = YES;
				GCC_WARN_64_TO_32_BIT_CONVERSION = YES;
				GCC_WARN_ABOUT_RETURN_TYPE = YES_ERROR;
				GCC_WARN_UNDECLARED_SELECTOR = YES;
				GCC_WARN_UNINITIALIZED_AUTOS = YES_AGGRESSIVE;
				GCC_WARN_UNUSED_FUNCTION = YES;
				GCC_WARN_UNUSED_VARIABLE = YES;
				IPHONEOS_DEPLOYMENT_TARGET = 13.7;
				MTL_ENABLE_DEBUG_INFO = NO;
				MTL_FAST_MATH = YES;
				SDKROOT = iphoneos;
				SWIFT_COMPILATION_MODE = wholemodule;
				SWIFT_OPTIMIZATION_LEVEL = "-O";
				VALIDATE_PRODUCT = YES;
			};
			name = Release;
		};
		1968229B25124A8C0021C4CE /* Debug */ = {
			isa = XCBuildConfiguration;
			buildSettings = {
				ASSETCATALOG_COMPILER_APPICON_NAME = AppIcon;
				CODE_SIGN_STYLE = Automatic;
				INFOPLIST_FILE = appListaCompras/Info.plist;
				LD_RUNPATH_SEARCH_PATHS = (
					"$(inherited)",
					"@executable_path/Frameworks",
				);
				PRODUCT_BUNDLE_IDENTIFIER = br.com.michelsantos.appListaCompras;
				PRODUCT_NAME = "$(TARGET_NAME)";
				SWIFT_VERSION = 5.0;
				TARGETED_DEVICE_FAMILY = "1,2";
			};
			name = Debug;
		};
		1968229C25124A8C0021C4CE /* Release */ = {
			isa = XCBuildConfiguration;
			buildSettings = {
				ASSETCATALOG_COMPILER_APPICON_NAME = AppIcon;
				CODE_SIGN_STYLE = Automatic;
				INFOPLIST_FILE = appListaCompras/Info.plist;
				LD_RUNPATH_SEARCH_PATHS = (
					"$(inherited)",
					"@executable_path/Frameworks",
				);
				PRODUCT_BUNDLE_IDENTIFIER = br.com.michelsantos.appListaCompras;
				PRODUCT_NAME = "$(TARGET_NAME)";
				SWIFT_VERSION = 5.0;
				TARGETED_DEVICE_FAMILY = "1,2";
			};
			name = Release;
		};
/* End XCBuildConfiguration section */

/* Begin XCConfigurationList section */
		1968228125124A890021C4CE /* Build configuration list for PBXProject "appListaCompras" */ = {
			isa = XCConfigurationList;
			buildConfigurations = (
				1968229825124A8C0021C4CE /* Debug */,
				1968229925124A8C0021C4CE /* Release */,
			);
			defaultConfigurationIsVisible = 0;
			defaultConfigurationName = Release;
		};
		1968229A25124A8C0021C4CE /* Build configuration list for PBXNativeTarget "appListaCompras" */ = {
			isa = XCConfigurationList;
			buildConfigurations = (
				1968229B25124A8C0021C4CE /* Debug */,
				1968229C25124A8C0021C4CE /* Release */,
			);
			defaultConfigurationIsVisible = 0;
			defaultConfigurationName = Release;
		};
/* End XCConfigurationList section */
	};
	rootObject = 1968227E25124A890021C4CE /* Project object */;
}
